
Microsoft Visual Studio Solution File, Format Version 12.00
# Visual Studio 14
VisualStudioVersion = 14.0.25420.1
MinimumVisualStudioVersion = 10.0.40219.1
Project("{FAE04EC0-301F-11D3-BF4B-00C04F79EFBC}") = "01.Allocate-Array", "01.Allocate-Array\01.Allocate-Array.csproj", "{ED29373A-3A70-4EA5-B916-805E60FA331C}"
EndProject
Project("{FAE04EC0-301F-11D3-BF4B-00C04F79EFBC}") = "02.Compare-Arrays", "02.Compare-Arrays\02.Compare-Arrays.csproj", "{2C587618-8027-426C-85A7-31396D885EE2}"
EndProject
Project("{FAE04EC0-301F-11D3-BF4B-00C04F79EFBC}") = "03.Compare-Char-Arrays", "03.Compare-Char-Arrays\03.Compare-Char-Arrays.csproj", "{E75B9AFC-0321-47C7-A030-71C8B39B4AAD}"
EndProject
Project("{FAE04EC0-301F-11D3-BF4B-00C04F79EFBC}") = "04.Maximal-Sequence", "04.Maximal-Sequence\04.Maximal-Sequence.csproj", "{E5B43E49-AD73-4512-B356-28D6C654DA5A}"
EndProject
Project("{FAE04EC0-301F-11D3-BF4B-00C04F79EFBC}") = "05.Maximal-Increasing-Sequence", "05.Maximal-Increasing-Sequence\05.Maximal-Increasing-Sequence.csproj", "{0C1EE53A-41E8-4BCB-A632-9845D31FCF39}"
EndProject
Project("{FAE04EC0-301F-11D3-BF4B-00C04F79EFBC}") = "06.Maximal-K-Sum", "06.Maximal-K-Sum\06.Maximal-K-Sum.csproj", "{FF243574-7875-48AD-846C-FAE4E82F2B4F}"
EndProject
Project("{FAE04EC0-301F-11D3-BF4B-00C04F79EFBC}") = "07.Selection-Sort", "07.Selection-Sort\07.Selection-Sort.csproj", "{1A400462-0373-414D-8387-B3A965A9F62F}"
EndProject
Global
	GlobalSection(SolutionConfigurationPlatforms) = preSolution
		Debug|Any CPU = Debug|Any CPU
		Release|Any CPU = Release|Any CPU
	EndGlobalSection
	GlobalSection(ProjectConfigurationPlatforms) = postSolution
		{ED29373A-3A70-4EA5-B916-805E60FA331C}.Debug|Any CPU.ActiveCfg = Debug|Any CPU
		{ED29373A-3A70-4EA5-B916-805E60FA331C}.Debug|Any CPU.Build.0 = Debug|Any CPU
		{ED29373A-3A70-4EA5-B916-805E60FA331C}.Release|Any CPU.ActiveCfg = Release|Any CPU
		{ED29373A-3A70-4EA5-B916-805E60FA331C}.Release|Any CPU.Build.0 = Release|Any CPU
		{2C587618-8027-426C-85A7-31396D885EE2}.Debug|Any CPU.ActiveCfg = Debug|Any CPU
		{2C587618-8027-426C-85A7-31396D885EE2}.Debug|Any CPU.Build.0 = Debug|Any CPU
		{2C587618-8027-426C-85A7-31396D885EE2}.Release|Any CPU.ActiveCfg = Release|Any CPU
		{2C587618-8027-426C-85A7-31396D885EE2}.Release|Any CPU.Build.0 = Release|Any CPU
		{E75B9AFC-0321-47C7-A030-71C8B39B4AAD}.Debug|Any CPU.ActiveCfg = Debug|Any CPU
		{E75B9AFC-0321-47C7-A030-71C8B39B4AAD}.Debug|Any CPU.Build.0 = Debug|Any CPU
		{E75B9AFC-0321-47C7-A030-71C8B39B4AAD}.Release|Any CPU.ActiveCfg = Release|Any CPU
		{E75B9AFC-0321-47C7-A030-71C8B39B4AAD}.Release|Any CPU.Build.0 = Release|Any CPU
		{E5B43E49-AD73-4512-B356-28D6C654DA5A}.Debug|Any CPU.ActiveCfg = Debug|Any CPU
		{E5B43E49-AD73-4512-B356-28D6C654DA5A}.Debug|Any CPU.Build.0 = Debug|Any CPU
		{E5B43E49-AD73-4512-B356-28D6C654DA5A}.Release|Any CPU.ActiveCfg = Release|Any CPU
		{E5B43E49-AD73-4512-B356-28D6C654DA5A}.Release|Any CPU.Build.0 = Release|Any CPU
		{0C1EE53A-41E8-4BCB-A632-9845D31FCF39}.Debug|Any CPU.ActiveCfg = Debug|Any CPU
		{0C1EE53A-41E8-4BCB-A632-9845D31FCF39}.Debug|Any CPU.Build.0 = Debug|Any CPU
		{0C1EE53A-41E8-4BCB-A632-9845D31FCF39}.Release|Any CPU.ActiveCfg = Release|Any CPU
		{0C1EE53A-41E8-4BCB-A632-9845D31FCF39}.Release|Any CPU.Build.0 = Release|Any CPU
		{FF243574-7875-48AD-846C-FAE4E82F2B4F}.Debug|Any CPU.ActiveCfg = Debug|Any CPU
		{FF243574-7875-48AD-846C-FAE4E82F2B4F}.Debug|Any CPU.Build.0 = Debug|Any CPU
		{FF243574-7875-48AD-846C-FAE4E82F2B4F}.Release|Any CPU.ActiveCfg = Release|Any CPU
		{FF243574-7875-48AD-846C-FAE4E82F2B4F}.Release|Any CPU.Build.0 = Release|Any CPU
		{1A400462-0373-414D-8387-B3A965A9F62F}.Debug|Any CPU.ActiveCfg = Debug|Any CPU
		{1A400462-0373-414D-8387-B3A965A9F62F}.Debug|Any CPU.Build.0 = Debug|Any CPU
		{1A400462-0373-414D-8387-B3A965A9F62F}.Release|Any CPU.ActiveCfg = Release|Any CPU
		{1A400462-0373-414D-8387-B3A965A9F62F}.Release|Any CPU.Build.0 = Release|Any CPU
	EndGlobalSection
	GlobalSection(SolutionProperties) = preSolution
		HideSolutionNode = FALSE
	EndGlobalSection
EndGlobal
