
Microsoft Visual Studio Solution File, Format Version 12.00
# Visual Studio 14
VisualStudioVersion = 14.0.25420.1
MinimumVisualStudioVersion = 10.0.40219.1
Project("{FAE04EC0-301F-11D3-BF4B-00C04F79EFBC}") = "01.Sum-Of-Odd-Divisors", "01.Sum-Of-Odd-Divisors\01.Sum-Of-Odd-Divisors.csproj", "{4A765B3A-99A6-4C3C-938C-1899F5107733}"
EndProject
Project("{FAE04EC0-301F-11D3-BF4B-00C04F79EFBC}") = "02.SumOfEvenDivisors", "02.SumOfEvenDivisors\02.SumOfEvenDivisors.csproj", "{AC299105-7943-4733-9647-8627482BAF29}"
EndProject
Project("{FAE04EC0-301F-11D3-BF4B-00C04F79EFBC}") = "03.MutantSquirrels", "03.MutantSquirrels\03.MutantSquirrels.csproj", "{36CF4CEB-B405-48C9-A07A-6CD87F4DD136}"
EndProject
Project("{FAE04EC0-301F-11D3-BF4B-00C04F79EFBC}") = "04.Speeds", "04.Speeds\04.Speeds.csproj", "{C10533AC-E754-4F67-8049-9CE4BCC059F8}"
EndProject
Project("{FAE04EC0-301F-11D3-BF4B-00C04F79EFBC}") = "05.MalkoKote", "05.MalkoKote\05.MalkoKote.csproj", "{1ADF00E3-1520-42BB-90DB-3B865A38388D}"
EndProject
Project("{FAE04EC0-301F-11D3-BF4B-00C04F79EFBC}") = "06.Conductors", "06.Conductors\06.Conductors.csproj", "{63F98184-84AC-4DFA-8EFF-ED4080FF5B8E}"
EndProject
Global
	GlobalSection(SolutionConfigurationPlatforms) = preSolution
		Debug|Any CPU = Debug|Any CPU
		Release|Any CPU = Release|Any CPU
	EndGlobalSection
	GlobalSection(ProjectConfigurationPlatforms) = postSolution
		{4A765B3A-99A6-4C3C-938C-1899F5107733}.Debug|Any CPU.ActiveCfg = Debug|Any CPU
		{4A765B3A-99A6-4C3C-938C-1899F5107733}.Debug|Any CPU.Build.0 = Debug|Any CPU
		{4A765B3A-99A6-4C3C-938C-1899F5107733}.Release|Any CPU.ActiveCfg = Release|Any CPU
		{4A765B3A-99A6-4C3C-938C-1899F5107733}.Release|Any CPU.Build.0 = Release|Any CPU
		{AC299105-7943-4733-9647-8627482BAF29}.Debug|Any CPU.ActiveCfg = Debug|Any CPU
		{AC299105-7943-4733-9647-8627482BAF29}.Debug|Any CPU.Build.0 = Debug|Any CPU
		{AC299105-7943-4733-9647-8627482BAF29}.Release|Any CPU.ActiveCfg = Release|Any CPU
		{AC299105-7943-4733-9647-8627482BAF29}.Release|Any CPU.Build.0 = Release|Any CPU
		{36CF4CEB-B405-48C9-A07A-6CD87F4DD136}.Debug|Any CPU.ActiveCfg = Debug|Any CPU
		{36CF4CEB-B405-48C9-A07A-6CD87F4DD136}.Debug|Any CPU.Build.0 = Debug|Any CPU
		{36CF4CEB-B405-48C9-A07A-6CD87F4DD136}.Release|Any CPU.ActiveCfg = Release|Any CPU
		{36CF4CEB-B405-48C9-A07A-6CD87F4DD136}.Release|Any CPU.Build.0 = Release|Any CPU
		{C10533AC-E754-4F67-8049-9CE4BCC059F8}.Debug|Any CPU.ActiveCfg = Debug|Any CPU
		{C10533AC-E754-4F67-8049-9CE4BCC059F8}.Debug|Any CPU.Build.0 = Debug|Any CPU
		{C10533AC-E754-4F67-8049-9CE4BCC059F8}.Release|Any CPU.ActiveCfg = Release|Any CPU
		{C10533AC-E754-4F67-8049-9CE4BCC059F8}.Release|Any CPU.Build.0 = Release|Any CPU
		{1ADF00E3-1520-42BB-90DB-3B865A38388D}.Debug|Any CPU.ActiveCfg = Debug|Any CPU
		{1ADF00E3-1520-42BB-90DB-3B865A38388D}.Debug|Any CPU.Build.0 = Debug|Any CPU
		{1ADF00E3-1520-42BB-90DB-3B865A38388D}.Release|Any CPU.ActiveCfg = Release|Any CPU
		{1ADF00E3-1520-42BB-90DB-3B865A38388D}.Release|Any CPU.Build.0 = Release|Any CPU
		{63F98184-84AC-4DFA-8EFF-ED4080FF5B8E}.Debug|Any CPU.ActiveCfg = Debug|Any CPU
		{63F98184-84AC-4DFA-8EFF-ED4080FF5B8E}.Debug|Any CPU.Build.0 = Debug|Any CPU
		{63F98184-84AC-4DFA-8EFF-ED4080FF5B8E}.Release|Any CPU.ActiveCfg = Release|Any CPU
		{63F98184-84AC-4DFA-8EFF-ED4080FF5B8E}.Release|Any CPU.Build.0 = Release|Any CPU
	EndGlobalSection
	GlobalSection(SolutionProperties) = preSolution
		HideSolutionNode = FALSE
	EndGlobalSection
EndGlobal
